// !$*UTF8*$!
{
	archiveVersion = 1;
	classes = {
	};
	objectVersion = 46;
	objects = {

/* Begin PBXBuildFile section */
		EA0CB7A01D22A94A00140380 /* AppDelegate.swift in Sources */ = {isa = PBXBuildFile; fileRef = EA0CB79F1D22A94A00140380 /* AppDelegate.swift */; };
		EA0CB7A21D22A94A00140380 /* ViewController.swift in Sources */ = {isa = PBXBuildFile; fileRef = EA0CB7A11D22A94A00140380 /* ViewController.swift */; };
		EA0CB7A51D22A94A00140380 /* Main.storyboard in Resources */ = {isa = PBXBuildFile; fileRef = EA0CB7A31D22A94A00140380 /* Main.storyboard */; };
		EA0CB7A71D22A94A00140380 /* Assets.xcassets in Resources */ = {isa = PBXBuildFile; fileRef = EA0CB7A61D22A94A00140380 /* Assets.xcassets */; };
		EA0CB7AA1D22A94A00140380 /* LaunchScreen.storyboard in Resources */ = {isa = PBXBuildFile; fileRef = EA0CB7A81D22A94A00140380 /* LaunchScreen.storyboard */; };
		EA0CB7B51D22A94A00140380 /* FINAL_LITTLE_MONSTERTests.swift in Sources */ = {isa = PBXBuildFile; fileRef = EA0CB7B41D22A94A00140380 /* FINAL_LITTLE_MONSTERTests.swift */; };
		EA0CB7C01D22A94A00140380 /* FINAL_LITTLE_MONSTERUITests.swift in Sources */ = {isa = PBXBuildFile; fileRef = EA0CB7BF1D22A94A00140380 /* FINAL_LITTLE_MONSTERUITests.swift */; };
/* End PBXBuildFile section */

/* Begin PBXContainerItemProxy section */
		EA0CB7B11D22A94A00140380 /* PBXContainerItemProxy */ = {
			isa = PBXContainerItemProxy;
			containerPortal = EA0CB7941D22A94A00140380 /* Project object */;
			proxyType = 1;
			remoteGlobalIDString = EA0CB79B1D22A94A00140380;
			remoteInfo = "FINAL-LITTLE-MONSTER";
		};
		EA0CB7BC1D22A94A00140380 /* PBXContainerItemProxy */ = {
			isa = PBXContainerItemProxy;
			containerPortal = EA0CB7941D22A94A00140380 /* Project object */;
			proxyType = 1;
			remoteGlobalIDString = EA0CB79B1D22A94A00140380;
			remoteInfo = "FINAL-LITTLE-MONSTER";
		};
/* End PBXContainerItemProxy section */

/* Begin PBXFileReference section */
		EA0CB79C1D22A94A00140380 /* FINAL-LITTLE-MONSTER.app */ = {isa = PBXFileReference; explicitFileType = wrapper.application; includeInIndex = 0; path = "FINAL-LITTLE-MONSTER.app"; sourceTree = BUILT_PRODUCTS_DIR; };
		EA0CB79F1D22A94A00140380 /* AppDelegate.swift */ = {isa = PBXFileReference; lastKnownFileType = sourcecode.swift; path = AppDelegate.swift; sourceTree = "<group>"; };
		EA0CB7A11D22A94A00140380 /* ViewController.swift */ = {isa = PBXFileReference; lastKnownFileType = sourcecode.swift; path = ViewController.swift; sourceTree = "<group>"; };
		EA0CB7A41D22A94A00140380 /* Base */ = {isa = PBXFileReference; lastKnownFileType = file.storyboard; name = Base; path = Base.lproj/Main.storyboard; sourceTree = "<group>"; };
		EA0CB7A61D22A94A00140380 /* Assets.xcassets */ = {isa = PBXFileReference; lastKnownFileType = folder.assetcatalog; path = Assets.xcassets; sourceTree = "<group>"; };
		EA0CB7A91D22A94A00140380 /* Base */ = {isa = PBXFileReference; lastKnownFileType = file.storyboard; name = Base; path = Base.lproj/LaunchScreen.storyboard; sourceTree = "<group>"; };
		EA0CB7AB1D22A94A00140380 /* Info.plist */ = {isa = PBXFileReference; lastKnownFileType = text.plist.xml; path = Info.plist; sourceTree = "<group>"; };
		EA0CB7B01D22A94A00140380 /* FINAL-LITTLE-MONSTERTests.xctest */ = {isa = PBXFileReference; explicitFileType = wrapper.cfbundle; includeInIndex = 0; path = "FINAL-LITTLE-MONSTERTests.xctest"; sourceTree = BUILT_PRODUCTS_DIR; };
		EA0CB7B41D22A94A00140380 /* FINAL_LITTLE_MONSTERTests.swift */ = {isa = PBXFileReference; lastKnownFileType = sourcecode.swift; path = FINAL_LITTLE_MONSTERTests.swift; sourceTree = "<group>"; };
		EA0CB7B61D22A94A00140380 /* Info.plist */ = {isa = PBXFileReference; lastKnownFileType = text.plist.xml; path = Info.plist; sourceTree = "<group>"; };
		EA0CB7BB1D22A94A00140380 /* FINAL-LITTLE-MONSTERUITests.xctest */ = {isa = PBXFileReference; explicitFileType = wrapper.cfbundle; includeInIndex = 0; path = "FINAL-LITTLE-MONSTERUITests.xctest"; sourceTree = BUILT_PRODUCTS_DIR; };
		EA0CB7BF1D22A94A00140380 /* FINAL_LITTLE_MONSTERUITests.swift */ = {isa = PBXFileReference; lastKnownFileType = sourcecode.swift; path = FINAL_LITTLE_MONSTERUITests.swift; sourceTree = "<group>"; };
		EA0CB7C11D22A94A00140380 /* Info.plist */ = {isa = PBXFileReference; lastKnownFileType = text.plist.xml; path = Info.plist; sourceTree = "<group>"; };
/* End PBXFileReference section */

/* Begin PBXFrameworksBuildPhase section */
		EA0CB7991D22A94A00140380 /* Frameworks */ = {
			isa = PBXFrameworksBuildPhase;
			buildActionMask = 2147483647;
			files = (
			);
			runOnlyForDeploymentPostprocessing = 0;
		};
		EA0CB7AD1D22A94A00140380 /* Frameworks */ = {
			isa = PBXFrameworksBuildPhase;
			buildActionMask = 2147483647;
			files = (
			);
			runOnlyForDeploymentPostprocessing = 0;
		};
		EA0CB7B81D22A94A00140380 /* Frameworks */ = {
			isa = PBXFrameworksBuildPhase;
			buildActionMask = 2147483647;
			files = (
			);
			runOnlyForDeploymentPostprocessing = 0;
		};
/* End PBXFrameworksBuildPhase section */

/* Begin PBXGroup section */
		EA0CB7931D22A94A00140380 = {
			isa = PBXGroup;
			children = (
				EA0CB79E1D22A94A00140380 /* FINAL-LITTLE-MONSTER */,
				EA0CB7B31D22A94A00140380 /* FINAL-LITTLE-MONSTERTests */,
				EA0CB7BE1D22A94A00140380 /* FINAL-LITTLE-MONSTERUITests */,
				EA0CB79D1D22A94A00140380 /* Products */,
			);
			sourceTree = "<group>";
		};
		EA0CB79D1D22A94A00140380 /* Products */ = {
			isa = PBXGroup;
			children = (
				EA0CB79C1D22A94A00140380 /* FINAL-LITTLE-MONSTER.app */,
				EA0CB7B01D22A94A00140380 /* FINAL-LITTLE-MONSTERTests.xctest */,
				EA0CB7BB1D22A94A00140380 /* FINAL-LITTLE-MONSTERUITests.xctest */,
			);
			name = Products;
			sourceTree = "<group>";
		};
		EA0CB79E1D22A94A00140380 /* FINAL-LITTLE-MONSTER */ = {
			isa = PBXGroup;
			children = (
				EA0CB79F1D22A94A00140380 /* AppDelegate.swift */,
				EA0CB7A11D22A94A00140380 /* ViewController.swift */,
				EA0CB7A31D22A94A00140380 /* Main.storyboard */,
				EA0CB7A61D22A94A00140380 /* Assets.xcassets */,
				EA0CB7A81D22A94A00140380 /* LaunchScreen.storyboard */,
				EA0CB7AB1D22A94A00140380 /* Info.plist */,
			);
			path = "FINAL-LITTLE-MONSTER";
			sourceTree = "<group>";
		};
		EA0CB7B31D22A94A00140380 /* FINAL-LITTLE-MONSTERTests */ = {
			isa = PBXGroup;
			children = (
				EA0CB7B41D22A94A00140380 /* FINAL_LITTLE_MONSTERTests.swift */,
				EA0CB7B61D22A94A00140380 /* Info.plist */,
			);
			path = "FINAL-LITTLE-MONSTERTests";
			sourceTree = "<group>";
		};
		EA0CB7BE1D22A94A00140380 /* FINAL-LITTLE-MONSTERUITests */ = {
			isa = PBXGroup;
			children = (
				EA0CB7BF1D22A94A00140380 /* FINAL_LITTLE_MONSTERUITests.swift */,
				EA0CB7C11D22A94A00140380 /* Info.plist */,
			);
			path = "FINAL-LITTLE-MONSTERUITests";
			sourceTree = "<group>";
		};
/* End PBXGroup section */

/* Begin PBXNativeTarget section */
		EA0CB79B1D22A94A00140380 /* FINAL-LITTLE-MONSTER */ = {
			isa = PBXNativeTarget;
			buildConfigurationList = EA0CB7C41D22A94A00140380 /* Build configuration list for PBXNativeTarget "FINAL-LITTLE-MONSTER" */;
			buildPhases = (
				EA0CB7981D22A94A00140380 /* Sources */,
				EA0CB7991D22A94A00140380 /* Frameworks */,
				EA0CB79A1D22A94A00140380 /* Resources */,
			);
			buildRules = (
			);
			dependencies = (
			);
			name = "FINAL-LITTLE-MONSTER";
			productName = "FINAL-LITTLE-MONSTER";
			productReference = EA0CB79C1D22A94A00140380 /* FINAL-LITTLE-MONSTER.app */;
			productType = "com.apple.product-type.application";
		};
		EA0CB7AF1D22A94A00140380 /* FINAL-LITTLE-MONSTERTests */ = {
			isa = PBXNativeTarget;
			buildConfigurationList = EA0CB7C71D22A94A00140380 /* Build configuration list for PBXNativeTarget "FINAL-LITTLE-MONSTERTests" */;
			buildPhases = (
				EA0CB7AC1D22A94A00140380 /* Sources */,
				EA0CB7AD1D22A94A00140380 /* Frameworks */,
				EA0CB7AE1D22A94A00140380 /* Resources */,
			);
			buildRules = (
			);
			dependencies = (
				EA0CB7B21D22A94A00140380 /* PBXTargetDependency */,
			);
			name = "FINAL-LITTLE-MONSTERTests";
			productName = "FINAL-LITTLE-MONSTERTests";
			productReference = EA0CB7B01D22A94A00140380 /* FINAL-LITTLE-MONSTERTests.xctest */;
			productType = "com.apple.product-type.bundle.unit-test";
		};
		EA0CB7BA1D22A94A00140380 /* FINAL-LITTLE-MONSTERUITests */ = {
			isa = PBXNativeTarget;
			buildConfigurationList = EA0CB7CA1D22A94A00140380 /* Build configuration list for PBXNativeTarget "FINAL-LITTLE-MONSTERUITests" */;
			buildPhases = (
				EA0CB7B71D22A94A00140380 /* Sources */,
				EA0CB7B81D22A94A00140380 /* Frameworks */,
				EA0CB7B91D22A94A00140380 /* Resources */,
			);
			buildRules = (
			);
			dependencies = (
				EA0CB7BD1D22A94A00140380 /* PBXTargetDependency */,
			);
			name = "FINAL-LITTLE-MONSTERUITests";
			productName = "FINAL-LITTLE-MONSTERUITests";
			productReference = EA0CB7BB1D22A94A00140380 /* FINAL-LITTLE-MONSTERUITests.xctest */;
			productType = "com.apple.product-type.bundle.ui-testing";
		};
/* End PBXNativeTarget section */

/* Begin PBXProject section */
		EA0CB7941D22A94A00140380 /* Project object */ = {
			isa = PBXProject;
			attributes = {
				LastSwiftUpdateCheck = 0730;
				LastUpgradeCheck = 0730;
				ORGANIZATIONNAME = "Martin Matějka";
				TargetAttributes = {
					EA0CB79B1D22A94A00140380 = {
						CreatedOnToolsVersion = 7.3;
						DevelopmentTeam = ML9FUD8KSJ;
					};
					EA0CB7AF1D22A94A00140380 = {
						CreatedOnToolsVersion = 7.3;
						DevelopmentTeam = ML9FUD8KSJ;
						TestTargetID = EA0CB79B1D22A94A00140380;
					};
					EA0CB7BA1D22A94A00140380 = {
						CreatedOnToolsVersion = 7.3;
						DevelopmentTeam = ML9FUD8KSJ;
						TestTargetID = EA0CB79B1D22A94A00140380;
					};
				};
			};
			buildConfigurationList = EA0CB7971D22A94A00140380 /* Build configuration list for PBXProject "FINAL-LITTLE-MONSTER" */;
			compatibilityVersion = "Xcode 3.2";
			developmentRegion = English;
			hasScannedForEncodings = 0;
			knownRegions = (
				en,
				Base,
			);
			mainGroup = EA0CB7931D22A94A00140380;
			productRefGroup = EA0CB79D1D22A94A00140380 /* Products */;
			projectDirPath = "";
			projectRoot = "";
			targets = (
				EA0CB79B1D22A94A00140380 /* FINAL-LITTLE-MONSTER */,
				EA0CB7AF1D22A94A00140380 /* FINAL-LITTLE-MONSTERTests */,
				EA0CB7BA1D22A94A00140380 /* FINAL-LITTLE-MONSTERUITests */,
			);
		};
/* End PBXProject section */

/* Begin PBXResourcesBuildPhase section */
		EA0CB79A1D22A94A00140380 /* Resources */ = {
			isa = PBXResourcesBuildPhase;
			buildActionMask = 2147483647;
			files = (
				EA0CB7AA1D22A94A00140380 /* LaunchScreen.storyboard in Resources */,
				EA0CB7A71D22A94A00140380 /* Assets.xcassets in Resources */,
				EA0CB7A51D22A94A00140380 /* Main.storyboard in Resources */,
			);
			runOnlyForDeploymentPostprocessing = 0;
		};
		EA0CB7AE1D22A94A00140380 /* Resources */ = {
			isa = PBXResourcesBuildPhase;
			buildActionMask = 2147483647;
			files = (
			);
			runOnlyForDeploymentPostprocessing = 0;
		};
		EA0CB7B91D22A94A00140380 /* Resources */ = {
			isa = PBXResourcesBuildPhase;
			buildActionMask = 2147483647;
			files = (
			);
			runOnlyForDeploymentPostprocessing = 0;
		};
/* End PBXResourcesBuildPhase section */

/* Begin PBXSourcesBuildPhase section */
		EA0CB7981D22A94A00140380 /* Sources */ = {
			isa = PBXSourcesBuildPhase;
			buildActionMask = 2147483647;
			files = (
				EA0CB7A21D22A94A00140380 /* ViewController.swift in Sources */,
				EA0CB7A01D22A94A00140380 /* AppDelegate.swift in Sources */,
			);
			runOnlyForDeploymentPostprocessing = 0;
		};
		EA0CB7AC1D22A94A00140380 /* Sources */ = {
			isa = PBXSourcesBuildPhase;
			buildActionMask = 2147483647;
			files = (
				EA0CB7B51D22A94A00140380 /* FINAL_LITTLE_MONSTERTests.swift in Sources */,
			);
			runOnlyForDeploymentPostprocessing = 0;
		};
		EA0CB7B71D22A94A00140380 /* Sources */ = {
			isa = PBXSourcesBuildPhase;
			buildActionMask = 2147483647;
			files = (
				EA0CB7C01D22A94A00140380 /* FINAL_LITTLE_MONSTERUITests.swift in Sources */,
			);
			runOnlyForDeploymentPostprocessing = 0;
		};
/* End PBXSourcesBuildPhase section */

/* Begin PBXTargetDependency section */
		EA0CB7B21D22A94A00140380 /* PBXTargetDependency */ = {
			isa = PBXTargetDependency;
			target = EA0CB79B1D22A94A00140380 /* FINAL-LITTLE-MONSTER */;
			targetProxy = EA0CB7B11D22A94A00140380 /* PBXContainerItemProxy */;
		};
		EA0CB7BD1D22A94A00140380 /* PBXTargetDependency */ = {
			isa = PBXTargetDependency;
			target = EA0CB79B1D22A94A00140380 /* FINAL-LITTLE-MONSTER */;
			targetProxy = EA0CB7BC1D22A94A00140380 /* PBXContainerItemProxy */;
		};
/* End PBXTargetDependency section */

/* Begin PBXVariantGroup section */
		EA0CB7A31D22A94A00140380 /* Main.storyboard */ = {
			isa = PBXVariantGroup;
			children = (
				EA0CB7A41D22A94A00140380 /* Base */,
			);
			name = Main.storyboard;
			sourceTree = "<group>";
		};
		EA0CB7A81D22A94A00140380 /* LaunchScreen.storyboard */ = {
			isa = PBXVariantGroup;
			children = (
				EA0CB7A91D22A94A00140380 /* Base */,
			);
			name = LaunchScreen.storyboard;
			sourceTree = "<group>";
		};
/* End PBXVariantGroup section */

/* Begin XCBuildConfiguration section */
		EA0CB7C21D22A94A00140380 /* Debug */ = {
			isa = XCBuildConfiguration;
			buildSettings = {
				ALWAYS_SEARCH_USER_PATHS = NO;
				CLANG_ANALYZER_NONNULL = YES;
				CLANG_CXX_LANGUAGE_STANDARD = "gnu++0x";
				CLANG_CXX_LIBRARY = "libc++";
				CLANG_ENABLE_MODULES = YES;
				CLANG_ENABLE_OBJC_ARC = YES;
				CLANG_WARN_BOOL_CONVERSION = YES;
				CLANG_WARN_CONSTANT_CONVERSION = YES;
				CLANG_WARN_DIRECT_OBJC_ISA_USAGE = YES_ERROR;
				CLANG_WARN_EMPTY_BODY = YES;
				CLANG_WARN_ENUM_CONVERSION = YES;
				CLANG_WARN_INT_CONVERSION = YES;
				CLANG_WARN_OBJC_ROOT_CLASS = YES_ERROR;
				CLANG_WARN_UNREACHABLE_CODE = YES;
				CLANG_WARN__DUPLICATE_METHOD_MATCH = YES;
				"CODE_SIGN_IDENTITY[sdk=iphoneos*]" = "iPhone Developer";
				COPY_PHASE_STRIP = NO;
				DEBUG_INFORMATION_FORMAT = dwarf;
				ENABLE_STRICT_OBJC_MSGSEND = YES;
				ENABLE_TESTABILITY = YES;
				GCC_C_LANGUAGE_STANDARD = gnu99;
				GCC_DYNAMIC_NO_PIC = NO;
				GCC_NO_COMMON_BLOCKS = YES;
				GCC_OPTIMIZATION_LEVEL = 0;
				GCC_PREPROCESSOR_DEFINITIONS = (
					"DEBUG=1",
					"$(inherited)",
				);
				GCC_WARN_64_TO_32_BIT_CONVERSION = YES;
				GCC_WARN_ABOUT_RETURN_TYPE = YES_ERROR;
				GCC_WARN_UNDECLARED_SELECTOR = YES;
				GCC_WARN_UNINITIALIZED_AUTOS = YES_AGGRESSIVE;
				GCC_WARN_UNUSED_FUNCTION = YES;
				GCC_WARN_UNUSED_VARIABLE = YES;
				IPHONEOS_DEPLOYMENT_TARGET = 9.3;
				MTL_ENABLE_DEBUG_INFO = YES;
				ONLY_ACTIVE_ARCH = YES;
				SDKROOT = iphoneos;
				SWIFT_OPTIMIZATION_LEVEL = "-Onone";
			};
			name = Debug;
		};
		EA0CB7C31D22A94A00140380 /* Release */ = {
			isa = XCBuildConfiguration;
			buildSettings = {
				ALWAYS_SEARCH_USER_PATHS = NO;
				CLANG_ANALYZER_NONNULL = YES;
				CLANG_CXX_LANGUAGE_STANDARD = "gnu++0x";
				CLANG_CXX_LIBRARY = "libc++";
				CLANG_ENABLE_MODULES = YES;
				CLANG_ENABLE_OBJC_ARC = YES;
				CLANG_WARN_BOOL_CONVERSION = YES;
				CLANG_WARN_CONSTANT_CONVERSION = YES;
				CLANG_WARN_DIRECT_OBJC_ISA_USAGE = YES_ERROR;
				CLANG_WARN_EMPTY_BODY = YES;
				CLANG_WARN_ENUM_CONVERSION = YES;
				CLANG_WARN_INT_CONVERSION = YES;
				CLANG_WARN_OBJC_ROOT_CLASS = YES_ERROR;
				CLANG_WARN_UNREACHABLE_CODE = YES;
				CLANG_WARN__DUPLICATE_METHOD_MATCH = YES;
				"CODE_SIGN_IDENTITY[sdk=iphoneos*]" = "iPhone Developer";
				COPY_PHASE_STRIP = NO;
				DEBUG_INFORMATION_FORMAT = "dwarf-with-dsym";
				ENABLE_NS_ASSERTIONS = NO;
				ENABLE_STRICT_OBJC_MSGSEND = YES;
				GCC_C_LANGUAGE_STANDARD = gnu99;
				GCC_NO_COMMON_BLOCKS = YES;
				GCC_WARN_64_TO_32_BIT_CONVERSION = YES;
				GCC_WARN_ABOUT_RETURN_TYPE = YES_ERROR;
				GCC_WARN_UNDECLARED_SELECTOR = YES;
				GCC_WARN_UNINITIALIZED_AUTOS = YES_AGGRESSIVE;
				GCC_WARN_UNUSED_FUNCTION = YES;
				GCC_WARN_UNUSED_VARIABLE = YES;
				IPHONEOS_DEPLOYMENT_TARGET = 9.3;
				MTL_ENABLE_DEBUG_INFO = NO;
				SDKROOT = iphoneos;
				VALIDATE_PRODUCT = YES;
			};
			name = Release;
		};
		EA0CB7C51D22A94A00140380 /* Debug */ = {
			isa = XCBuildConfiguration;
			buildSettings = {
				ASSETCATALOG_COMPILER_APPICON_NAME = AppIcon;
				INFOPLIST_FILE = "FINAL-LITTLE-MONSTER/Info.plist";
				LD_RUNPATH_SEARCH_PATHS = "$(inherited) @executable_path/Frameworks";
				PRODUCT_BUNDLE_IDENTIFIER = "com.martinmatejka2.FINAL-LITTLE-MONSTER";
				PRODUCT_NAME = "$(TARGET_NAME)";
			};
			name = Debug;
		};
		EA0CB7C61D22A94A00140380 /* Release */ = {
			isa = XCBuildConfiguration;
			buildSettings = {
				ASSETCATALOG_COMPILER_APPICON_NAME = AppIcon;
				INFOPLIST_FILE = "FINAL-LITTLE-MONSTER/Info.plist";
				LD_RUNPATH_SEARCH_PATHS = "$(inherited) @executable_path/Frameworks";
				PRODUCT_BUNDLE_IDENTIFIER = "com.martinmatejka2.FINAL-LITTLE-MONSTER";
				PRODUCT_NAME = "$(TARGET_NAME)";
			};
			name = Release;
		};
		EA0CB7C81D22A94A00140380 /* Debug */ = {
			isa = XCBuildConfiguration;
			buildSettings = {
				BUNDLE_LOADER = "$(TEST_HOST)";
				INFOPLIST_FILE = "FINAL-LITTLE-MONSTERTests/Info.plist";
				LD_RUNPATH_SEARCH_PATHS = "$(inherited) @executable_path/Frameworks @loader_path/Frameworks";
				PRODUCT_BUNDLE_IDENTIFIER = "com.martinmatejka2.FINAL-LITTLE-MONSTERTests";
				PRODUCT_NAME = "$(TARGET_NAME)";
				TEST_HOST = "$(BUILT_PRODUCTS_DIR)/FINAL-LITTLE-MONSTER.app/FINAL-LITTLE-MONSTER";
			};
			name = Debug;
		};
		EA0CB7C91D22A94A00140380 /* Release */ = {
			isa = XCBuildConfiguration;
			buildSettings = {
				BUNDLE_LOADER = "$(TEST_HOST)";
				INFOPLIST_FILE = "FINAL-LITTLE-MONSTERTests/Info.plist";
				LD_RUNPATH_SEARCH_PATHS = "$(inherited) @executable_path/Frameworks @loader_path/Frameworks";
				PRODUCT_BUNDLE_IDENTIFIER = "com.martinmatejka2.FINAL-LITTLE-MONSTERTests";
				PRODUCT_NAME = "$(TARGET_NAME)";
				TEST_HOST = "$(BUILT_PRODUCTS_DIR)/FINAL-LITTLE-MONSTER.app/FINAL-LITTLE-MONSTER";
			};
			name = Release;
		};
		EA0CB7CB1D22A94A00140380 /* Debug */ = {
			isa = XCBuildConfiguration;
			buildSettings = {
				INFOPLIST_FILE = "FINAL-LITTLE-MONSTERUITests/Info.plist";
				LD_RUNPATH_SEARCH_PATHS = "$(inherited) @executable_path/Frameworks @loader_path/Frameworks";
				PRODUCT_BUNDLE_IDENTIFIER = "com.martinmatejka2.FINAL-LITTLE-MONSTERUITests";
				PRODUCT_NAME = "$(TARGET_NAME)";
				TEST_TARGET_NAME = "FINAL-LITTLE-MONSTER";
			};
			name = Debug;
		};
		EA0CB7CC1D22A94A00140380 /* Release */ = {
			isa = XCBuildConfiguration;
			buildSettings = {
				INFOPLIST_FILE = "FINAL-LITTLE-MONSTERUITests/Info.plist";
				LD_RUNPATH_SEARCH_PATHS = "$(inherited) @executable_path/Frameworks @loader_path/Frameworks";
				PRODUCT_BUNDLE_IDENTIFIER = "com.martinmatejka2.FINAL-LITTLE-MONSTERUITests";
				PRODUCT_NAME = "$(TARGET_NAME)";
				TEST_TARGET_NAME = "FINAL-LITTLE-MONSTER";
			};
			name = Release;
		};
/* End XCBuildConfiguration section */

/* Begin XCConfigurationList section */
		EA0CB7971D22A94A00140380 /* Build configuration list for PBXProject "FINAL-LITTLE-MONSTER" */ = {
			isa = XCConfigurationList;
			buildConfigurations = (
				EA0CB7C21D22A94A00140380 /* Debug */,
				EA0CB7C31D22A94A00140380 /* Release */,
			);
			defaultConfigurationIsVisible = 0;
			defaultConfigurationName = Release;
		};
		EA0CB7C41D22A94A00140380 /* Build configuration list for PBXNativeTarget "FINAL-LITTLE-MONSTER" */ = {
			isa = XCConfigurationList;
			buildConfigurations = (
				EA0CB7C51D22A94A00140380 /* Debug */,
				EA0CB7C61D22A94A00140380 /* Release */,
			);
			defaultConfigurationIsVisible = 0;
		};
		EA0CB7C71D22A94A00140380 /* Build configuration list for PBXNativeTarget "FINAL-LITTLE-MONSTERTests" */ = {
			isa = XCConfigurationList;
			buildConfigurations = (
				EA0CB7C81D22A94A00140380 /* Debug */,
				EA0CB7C91D22A94A00140380 /* Release */,
			);
			defaultConfigurationIsVisible = 0;
		};
		EA0CB7CA1D22A94A00140380 /* Build configuration list for PBXNativeTarget "FINAL-LITTLE-MONSTERUITests" */ = {
			isa = XCConfigurationList;
			buildConfigurations = (
				EA0CB7CB1D22A94A00140380 /* Debug */,
				EA0CB7CC1D22A94A00140380 /* Release */,
			);
			defaultConfigurationIsVisible = 0;
		};
/* End XCConfigurationList section */
	};
	rootObject = EA0CB7941D22A94A00140380 /* Project object */;
}
